// !$*UTF8*$!
{
	archiveVersion = 1;
	classes = {
	};
	objectVersion = 52;
	objects = {

/* Begin PBXBuildFile section */
		18AC8181C88949E20775BF53 /* Pods_StorageService.framework in Frameworks */ = {isa = PBXBuildFile; fileRef = 20C1291E3E0F4BE9CB3BFCE2 /* Pods_StorageService.framework */; };
		451798FC2771C202004DCACB /* SlideMenuContainerViewController.swift in Sources */ = {isa = PBXBuildFile; fileRef = 451798FB2771C202004DCACB /* SlideMenuContainerViewController.swift */; };
		451798FE2771C27A004DCACB /* SlideMenuViewController.swift in Sources */ = {isa = PBXBuildFile; fileRef = 451798FD2771C27A004DCACB /* SlideMenuViewController.swift */; };
		451799002771EAAA004DCACB /* SlideMenuTableViewCell.swift in Sources */ = {isa = PBXBuildFile; fileRef = 451798FF2771EAAA004DCACB /* SlideMenuTableViewCell.swift */; };
		4517990227725C01004DCACB /* SlideMenuModel.swift in Sources */ = {isa = PBXBuildFile; fileRef = 4517990127725C01004DCACB /* SlideMenuModel.swift */; };
		45179906277262ED004DCACB /* SlideMenuCoordinator.swift in Sources */ = {isa = PBXBuildFile; fileRef = 45179905277262ED004DCACB /* SlideMenuCoordinator.swift */; };
		4517990827730D53004DCACB /* AudioViewController.swift in Sources */ = {isa = PBXBuildFile; fileRef = 4517990727730D53004DCACB /* AudioViewController.swift */; };
		4517990A27730D67004DCACB /* VideoViewController.swift in Sources */ = {isa = PBXBuildFile; fileRef = 4517990927730D67004DCACB /* VideoViewController.swift */; };
		45306B1527390B7200D1516B /* CoordinatorProtocol.swift in Sources */ = {isa = PBXBuildFile; fileRef = 45306B1427390B7200D1516B /* CoordinatorProtocol.swift */; };
		45306B1B27390D7900D1516B /* FeedViewModel.swift in Sources */ = {isa = PBXBuildFile; fileRef = 45306B1A27390D7900D1516B /* FeedViewModel.swift */; };
		45306B1D27390D9500D1516B /* FeedCoordinator.swift in Sources */ = {isa = PBXBuildFile; fileRef = 45306B1C27390D9500D1516B /* FeedCoordinator.swift */; };
		45306B1F27390E5500D1516B /* PostCoordinator.swift in Sources */ = {isa = PBXBuildFile; fileRef = 45306B1E27390E5500D1516B /* PostCoordinator.swift */; };
		45306B2127390E6600D1516B /* PostViewModel.swift in Sources */ = {isa = PBXBuildFile; fileRef = 45306B2027390E6600D1516B /* PostViewModel.swift */; };
		45306B292739119500D1516B /* UITabBarItem.swift in Sources */ = {isa = PBXBuildFile; fileRef = 45306B282739119500D1516B /* UITabBarItem.swift */; };
		45306B2B273911B100D1516B /* UIVC.swift in Sources */ = {isa = PBXBuildFile; fileRef = 45306B2A273911B100D1516B /* UIVC.swift */; };
		45306B2D273913CA00D1516B /* LoginCoordinator.swift in Sources */ = {isa = PBXBuildFile; fileRef = 45306B2C273913CA00D1516B /* LoginCoordinator.swift */; };
		45306B2F27391C1100D1516B /* LoginViewModel.swift in Sources */ = {isa = PBXBuildFile; fileRef = 45306B2E27391C1100D1516B /* LoginViewModel.swift */; };
		45306B3127391C4D00D1516B /* ProfileCoordinator.swift in Sources */ = {isa = PBXBuildFile; fileRef = 45306B3027391C4D00D1516B /* ProfileCoordinator.swift */; };
		45306B3327391C6900D1516B /* ProfileViewModel.swift in Sources */ = {isa = PBXBuildFile; fileRef = 45306B3227391C6900D1516B /* ProfileViewModel.swift */; };
		45306B362739244100D1516B /* CreateModuleProtocol.swift in Sources */ = {isa = PBXBuildFile; fileRef = 45306B352739244100D1516B /* CreateModuleProtocol.swift */; };
		45306B382739246100D1516B /* ModuleFactory.swift in Sources */ = {isa = PBXBuildFile; fileRef = 45306B372739246100D1516B /* ModuleFactory.swift */; };
		453CB20A288FE37400110514 /* FavoritesCoordinator.swift in Sources */ = {isa = PBXBuildFile; fileRef = 453CB209288FE37400110514 /* FavoritesCoordinator.swift */; };
		453CB20C288FE4C000110514 /* FavoritesViewModel.swift in Sources */ = {isa = PBXBuildFile; fileRef = 453CB20B288FE4C000110514 /* FavoritesViewModel.swift */; };
		453CB20E288FE4D200110514 /* FavoritesViewController.swift in Sources */ = {isa = PBXBuildFile; fileRef = 453CB20D288FE4D200110514 /* FavoritesViewController.swift */; };
		453CB213288FF8D100110514 /* Assets.xcassets in Resources */ = {isa = PBXBuildFile; fileRef = 453CB212288FF8D100110514 /* Assets.xcassets */; };
		453CB21D288FFA0E00110514 /* StringExtensions.swift in Sources */ = {isa = PBXBuildFile; fileRef = 453CB21C288FFA0E00110514 /* StringExtensions.swift */; };
		453CB21F288FFB1700110514 /* CoreDataCoordinator.swift in Sources */ = {isa = PBXBuildFile; fileRef = 453CB21E288FFB1700110514 /* CoreDataCoordinator.swift */; };
		453CB222288FFBF200110514 /* PostsCoreData.xcdatamodeld in Sources */ = {isa = PBXBuildFile; fileRef = 453CB220288FFBF200110514 /* PostsCoreData.xcdatamodeld */; };
		453CB22428900F3D00110514 /* PostsStorageFile.swift in Sources */ = {isa = PBXBuildFile; fileRef = 458CBBE726E0F9D200915CA1 /* PostsStorageFile.swift */; };
		453CB2262891CB3B00110514 /* CoreDataCoordinatorManager.swift in Sources */ = {isa = PBXBuildFile; fileRef = 453CB2252891CB3B00110514 /* CoreDataCoordinatorManager.swift */; };
		45653B41275A573A0079AA67 /* AuthenticationErrors.swift in Sources */ = {isa = PBXBuildFile; fileRef = 45653B40275A573A0079AA67 /* AuthenticationErrors.swift */; };
		45653B43275AA3100079AA67 /* ErrorAlert.swift in Sources */ = {isa = PBXBuildFile; fileRef = 45653B42275AA30F0079AA67 /* ErrorAlert.swift */; };
		4565D3C327B5A47E007557A0 /* NetworkService.swift in Sources */ = {isa = PBXBuildFile; fileRef = 4565D3C227B5A47E007557A0 /* NetworkService.swift */; };
		4565D3C527B5A85F007557A0 /* AppConfiguration.swift in Sources */ = {isa = PBXBuildFile; fileRef = 4565D3C427B5A85F007557A0 /* AppConfiguration.swift */; };
		4565D3C727B6E719007557A0 /* Ship.swift in Sources */ = {isa = PBXBuildFile; fileRef = 4565D3C627B6E719007557A0 /* Ship.swift */; };
		4565D3CB27C4FFB8007557A0 /* Planet.swift in Sources */ = {isa = PBXBuildFile; fileRef = 4565D3CA27C4FFB8007557A0 /* Planet.swift */; };
		4565D3CD27C56ACF007557A0 /* Resident.swift in Sources */ = {isa = PBXBuildFile; fileRef = 4565D3CC27C56ACF007557A0 /* Resident.swift */; };
		4565D3CF27C78283007557A0 /* DecoderDataStrategy.swift in Sources */ = {isa = PBXBuildFile; fileRef = 4565D3CE27C78283007557A0 /* DecoderDataStrategy.swift */; };
		4573324F279966020060B2DA /* VideoTableViewCell.swift in Sources */ = {isa = PBXBuildFile; fileRef = 4573324E279966020060B2DA /* VideoTableViewCell.swift */; };
		45733251279966140060B2DA /* VideoTableHeaderView.swift in Sources */ = {isa = PBXBuildFile; fileRef = 45733250279966140060B2DA /* VideoTableHeaderView.swift */; };
		45733253279966270060B2DA /* YoutubePlayerView.swift in Sources */ = {isa = PBXBuildFile; fileRef = 45733252279966270060B2DA /* YoutubePlayerView.swift */; };
		45733255279966380060B2DA /* ShowVideoViewController.swift in Sources */ = {isa = PBXBuildFile; fileRef = 45733254279966380060B2DA /* ShowVideoViewController.swift */; };
		45733256279974F90060B2DA /* Videos.swift in Sources */ = {isa = PBXBuildFile; fileRef = 4573324C2799651F0060B2DA /* Videos.swift */; };
		4573325927998F470060B2DA /* LocalVideoViewController.swift in Sources */ = {isa = PBXBuildFile; fileRef = 4573325827998F470060B2DA /* LocalVideoViewController.swift */; };
		4573325B27998FF40060B2DA /* ShowLocalVideoViewController.swift in Sources */ = {isa = PBXBuildFile; fileRef = 4573325A27998FF40060B2DA /* ShowLocalVideoViewController.swift */; };
		4573325E2799905F0060B2DA /* LocalVideoTableViewCell.swift in Sources */ = {isa = PBXBuildFile; fileRef = 4573325D2799905F0060B2DA /* LocalVideoTableViewCell.swift */; };
		45733260279992AC0060B2DA /* LocalVideoTableHeaderView.swift in Sources */ = {isa = PBXBuildFile; fileRef = 4573325F279992AC0060B2DA /* LocalVideoTableHeaderView.swift */; };
		457B8FE827CCDC7D001AE209 /* GoogleService-Info.plist in Resources */ = {isa = PBXBuildFile; fileRef = 457B8FE727CCDC7D001AE209 /* GoogleService-Info.plist */; };
		457B904527CF52A0001AE209 /* CreateNewUserViewController.swift in Sources */ = {isa = PBXBuildFile; fileRef = 457B904427CF52A0001AE209 /* CreateNewUserViewController.swift */; };
		457B904727CF55C9001AE209 /* UserDefaultsStorage.swift in Sources */ = {isa = PBXBuildFile; fileRef = 457B904627CF55C9001AE209 /* UserDefaultsStorage.swift */; };
		457B904927CF55F2001AE209 /* UserInfoModel.swift in Sources */ = {isa = PBXBuildFile; fileRef = 457B904827CF55F2001AE209 /* UserInfoModel.swift */; };
		457B904B27CF606B001AE209 /* CreateNewUserCoordinator.swift in Sources */ = {isa = PBXBuildFile; fileRef = 457B904A27CF606B001AE209 /* CreateNewUserCoordinator.swift */; };
		457B904D27CF607F001AE209 /* CreateNewUserViewModel.swift in Sources */ = {isa = PBXBuildFile; fileRef = 457B904C27CF607F001AE209 /* CreateNewUserViewModel.swift */; };
		4583A13627955AD30054E377 /* MP3Player.swift in Sources */ = {isa = PBXBuildFile; fileRef = 4583A13527955AD30054E377 /* MP3Player.swift */; };
		4583A13827955CDE0054E377 /* MP3FilesReader.swift in Sources */ = {isa = PBXBuildFile; fileRef = 4583A13727955CDE0054E377 /* MP3FilesReader.swift */; };
		4583A13A2795714E0054E377 /* AudioViewModel.swift in Sources */ = {isa = PBXBuildFile; fileRef = 4583A1392795714E0054E377 /* AudioViewModel.swift */; };
		4586111B26FA0BA300269593 /* Checker.swift in Sources */ = {isa = PBXBuildFile; fileRef = 4586111A26FA0BA300269593 /* Checker.swift */; };
		4586111D26FA0BE000269593 /* LoginVCDelegateProtocol.swift in Sources */ = {isa = PBXBuildFile; fileRef = 4586111C26FA0BE000269593 /* LoginVCDelegateProtocol.swift */; };
		4586111F26FA0BF700269593 /* LoginInspector.swift in Sources */ = {isa = PBXBuildFile; fileRef = 4586111E26FA0BF700269593 /* LoginInspector.swift */; };
		4586112126FA0C1000269593 /* LoginFactoryProtocol.swift in Sources */ = {isa = PBXBuildFile; fileRef = 4586112026FA0C1000269593 /* LoginFactoryProtocol.swift */; };
		4586112326FA0C3200269593 /* LoginFactory.swift in Sources */ = {isa = PBXBuildFile; fileRef = 4586112226FA0C3200269593 /* LoginFactory.swift */; };
		458CBBB926E0E53100915CA1 /* AppDelegate.swift in Sources */ = {isa = PBXBuildFile; fileRef = 458CBBB826E0E53100915CA1 /* AppDelegate.swift */; };
		458CBBC526E0E53400915CA1 /* LaunchScreen.storyboard in Resources */ = {isa = PBXBuildFile; fileRef = 458CBBC326E0E53400915CA1 /* LaunchScreen.storyboard */; };
		458CBBD426E0F8D800915CA1 /* FeedViewController.swift in Sources */ = {isa = PBXBuildFile; fileRef = 458CBBD326E0F8D800915CA1 /* FeedViewController.swift */; };
		458CBBD626E0F8EF00915CA1 /* PostViewController.swift in Sources */ = {isa = PBXBuildFile; fileRef = 458CBBD526E0F8EF00915CA1 /* PostViewController.swift */; };
		458CBBD826E0F8FF00915CA1 /* InfoViewController.swift in Sources */ = {isa = PBXBuildFile; fileRef = 458CBBD726E0F8FF00915CA1 /* InfoViewController.swift */; };
		458CBBDA26E0F90E00915CA1 /* LogInViewController.swift in Sources */ = {isa = PBXBuildFile; fileRef = 458CBBD926E0F90E00915CA1 /* LogInViewController.swift */; };
		458CBBDC26E0F92200915CA1 /* ProfileViewController.swift in Sources */ = {isa = PBXBuildFile; fileRef = 458CBBDB26E0F92200915CA1 /* ProfileViewController.swift */; };
		458CBBDE26E0F93600915CA1 /* PhotosViewController.swift in Sources */ = {isa = PBXBuildFile; fileRef = 458CBBDD26E0F93600915CA1 /* PhotosViewController.swift */; };
		458CBBE026E0F95A00915CA1 /* PostTableViewCell.swift in Sources */ = {isa = PBXBuildFile; fileRef = 458CBBDF26E0F95A00915CA1 /* PostTableViewCell.swift */; };
		458CBBE226E0F96C00915CA1 /* PhotosTableViewCell.swift in Sources */ = {isa = PBXBuildFile; fileRef = 458CBBE126E0F96C00915CA1 /* PhotosTableViewCell.swift */; };
		458CBBE426E0F98800915CA1 /* PhotosCollectionViewCell.swift in Sources */ = {isa = PBXBuildFile; fileRef = 458CBBE326E0F98800915CA1 /* PhotosCollectionViewCell.swift */; };
		458CBBE626E0F9B600915CA1 /* ProfileHeaderView.swift in Sources */ = {isa = PBXBuildFile; fileRef = 458CBBE526E0F9B600915CA1 /* ProfileHeaderView.swift */; };
		458CBBEC26E0FA5300915CA1 /* MainTabBarController.swift in Sources */ = {isa = PBXBuildFile; fileRef = 458CBBEB26E0FA5300915CA1 /* MainTabBarController.swift */; };
		458CBC2B26E107C300915CA1 /* StorageService.h in Headers */ = {isa = PBXBuildFile; fileRef = 458CBC2926E107C300915CA1 /* StorageService.h */; settings = {ATTRIBUTES = (Public, ); }; };
		458CBC2E26E107C300915CA1 /* StorageService.framework in Frameworks */ = {isa = PBXBuildFile; fileRef = 458CBC2726E107C300915CA1 /* StorageService.framework */; };
		458CBC2F26E107C300915CA1 /* StorageService.framework in Embed Frameworks */ = {isa = PBXBuildFile; fileRef = 458CBC2726E107C300915CA1 /* StorageService.framework */; settings = {ATTRIBUTES = (CodeSignOnCopy, RemoveHeadersOnCopy, ); }; };
		458CBC3426E107F900915CA1 /* PhotosStorageFile.swift in Sources */ = {isa = PBXBuildFile; fileRef = 458CBBE926E0F9E000915CA1 /* PhotosStorageFile.swift */; };
		458CBC8D26EF877700915CA1 /* iOSIntPackage in Frameworks */ = {isa = PBXBuildFile; productRef = 458CBC8C26EF877700915CA1 /* iOSIntPackage */; };
		458CBC8F26EF988300915CA1 /* PostsStorageFile.swift in Sources */ = {isa = PBXBuildFile; fileRef = 458CBBE726E0F9D200915CA1 /* PostsStorageFile.swift */; };
		45D503A226F522E600387102 /* PhotoViewController.swift in Sources */ = {isa = PBXBuildFile; fileRef = 45D503A126F522E600387102 /* PhotoViewController.swift */; };
		45D503A426F5231400387102 /* UserServiceProtocol.swift in Sources */ = {isa = PBXBuildFile; fileRef = 45D503A326F5231400387102 /* UserServiceProtocol.swift */; };
		45D503A626F5232D00387102 /* User.swift in Sources */ = {isa = PBXBuildFile; fileRef = 45D503A526F5232D00387102 /* User.swift */; };
		45D503A826F5234C00387102 /* CurrentUser.swift in Sources */ = {isa = PBXBuildFile; fileRef = 45D503A726F5234C00387102 /* CurrentUser.swift */; };
		45D503AA26F5236500387102 /* TestUser.swift in Sources */ = {isa = PBXBuildFile; fileRef = 45D503A926F5236500387102 /* TestUser.swift */; };
		45D503AD26F523FC00387102 /* UIColor.swift in Sources */ = {isa = PBXBuildFile; fileRef = 45D503AC26F523FC00387102 /* UIColor.swift */; };
		45D503AF26F5241900387102 /* ImageAlpha.swift in Sources */ = {isa = PBXBuildFile; fileRef = 45D503AE26F5241900387102 /* ImageAlpha.swift */; };
		45E2C685270F224300B58BC3 /* CustomButton.swift in Sources */ = {isa = PBXBuildFile; fileRef = 45E2C684270F224300B58BC3 /* CustomButton.swift */; };
		45E2C687270F227200B58BC3 /* CustomTextField.swift in Sources */ = {isa = PBXBuildFile; fileRef = 45E2C686270F227200B58BC3 /* CustomTextField.swift */; };
		45E2C689270F229400B58BC3 /* CheckerText.swift in Sources */ = {isa = PBXBuildFile; fileRef = 45E2C688270F229400B58BC3 /* CheckerText.swift */; };
		45F30FA5273D4F580016DEC0 /* BruteForse.swift in Sources */ = {isa = PBXBuildFile; fileRef = 45F30FA4273D4F580016DEC0 /* BruteForse.swift */; };
		F47C8C17850C5C48D5CE7146 /* Pods_Navigation.framework in Frameworks */ = {isa = PBXBuildFile; fileRef = 1C6882C9CB6B724620F5A001 /* Pods_Navigation.framework */; };
/* End PBXBuildFile section */

/* Begin PBXContainerItemProxy section */
		458CBC2C26E107C300915CA1 /* PBXContainerItemProxy */ = {
			isa = PBXContainerItemProxy;
			containerPortal = 458CBBAD26E0E53100915CA1 /* Project object */;
			proxyType = 1;
			remoteGlobalIDString = 458CBC2626E107C300915CA1;
			remoteInfo = StorageService;
		};
/* End PBXContainerItemProxy section */

/* Begin PBXCopyFilesBuildPhase section */
		458CBC0A26E1073E00915CA1 /* Embed Frameworks */ = {
			isa = PBXCopyFilesBuildPhase;
			buildActionMask = 2147483647;
			dstPath = "";
			dstSubfolderSpec = 10;
			files = (
				458CBC2F26E107C300915CA1 /* StorageService.framework in Embed Frameworks */,
			);
			name = "Embed Frameworks";
			runOnlyForDeploymentPostprocessing = 0;
		};
/* End PBXCopyFilesBuildPhase section */

/* Begin PBXFileReference section */
		1C6882C9CB6B724620F5A001 /* Pods_Navigation.framework */ = {isa = PBXFileReference; explicitFileType = wrapper.framework; includeInIndex = 0; path = Pods_Navigation.framework; sourceTree = BUILT_PRODUCTS_DIR; };
		20C1291E3E0F4BE9CB3BFCE2 /* Pods_StorageService.framework */ = {isa = PBXFileReference; explicitFileType = wrapper.framework; includeInIndex = 0; path = Pods_StorageService.framework; sourceTree = BUILT_PRODUCTS_DIR; };
		23BFA7C0F62E273954E08492 /* Pods-Navigation.release.xcconfig */ = {isa = PBXFileReference; includeInIndex = 1; lastKnownFileType = text.xcconfig; name = "Pods-Navigation.release.xcconfig"; path = "Target Support Files/Pods-Navigation/Pods-Navigation.release.xcconfig"; sourceTree = "<group>"; };
		37985909E3167867533EF7C9 /* Pods-StorageService.debug.xcconfig */ = {isa = PBXFileReference; includeInIndex = 1; lastKnownFileType = text.xcconfig; name = "Pods-StorageService.debug.xcconfig"; path = "Target Support Files/Pods-StorageService/Pods-StorageService.debug.xcconfig"; sourceTree = "<group>"; };
		451798FB2771C202004DCACB /* SlideMenuContainerViewController.swift */ = {isa = PBXFileReference; lastKnownFileType = sourcecode.swift; path = SlideMenuContainerViewController.swift; sourceTree = "<group>"; };
		451798FD2771C27A004DCACB /* SlideMenuViewController.swift */ = {isa = PBXFileReference; lastKnownFileType = sourcecode.swift; path = SlideMenuViewController.swift; sourceTree = "<group>"; };
		451798FF2771EAAA004DCACB /* SlideMenuTableViewCell.swift */ = {isa = PBXFileReference; lastKnownFileType = sourcecode.swift; path = SlideMenuTableViewCell.swift; sourceTree = "<group>"; };
		4517990127725C01004DCACB /* SlideMenuModel.swift */ = {isa = PBXFileReference; lastKnownFileType = sourcecode.swift; path = SlideMenuModel.swift; sourceTree = "<group>"; };
		45179905277262ED004DCACB /* SlideMenuCoordinator.swift */ = {isa = PBXFileReference; lastKnownFileType = sourcecode.swift; path = SlideMenuCoordinator.swift; sourceTree = "<group>"; };
		4517990727730D53004DCACB /* AudioViewController.swift */ = {isa = PBXFileReference; lastKnownFileType = sourcecode.swift; path = AudioViewController.swift; sourceTree = "<group>"; };
		4517990927730D67004DCACB /* VideoViewController.swift */ = {isa = PBXFileReference; lastKnownFileType = sourcecode.swift; path = VideoViewController.swift; sourceTree = "<group>"; };
		45306B1427390B7200D1516B /* CoordinatorProtocol.swift */ = {isa = PBXFileReference; lastKnownFileType = sourcecode.swift; path = CoordinatorProtocol.swift; sourceTree = "<group>"; };
		45306B1A27390D7900D1516B /* FeedViewModel.swift */ = {isa = PBXFileReference; lastKnownFileType = sourcecode.swift; path = FeedViewModel.swift; sourceTree = "<group>"; };
		45306B1C27390D9500D1516B /* FeedCoordinator.swift */ = {isa = PBXFileReference; lastKnownFileType = sourcecode.swift; path = FeedCoordinator.swift; sourceTree = "<group>"; };
		45306B1E27390E5500D1516B /* PostCoordinator.swift */ = {isa = PBXFileReference; lastKnownFileType = sourcecode.swift; path = PostCoordinator.swift; sourceTree = "<group>"; };
		45306B2027390E6600D1516B /* PostViewModel.swift */ = {isa = PBXFileReference; lastKnownFileType = sourcecode.swift; path = PostViewModel.swift; sourceTree = "<group>"; };
		45306B282739119500D1516B /* UITabBarItem.swift */ = {isa = PBXFileReference; lastKnownFileType = sourcecode.swift; path = UITabBarItem.swift; sourceTree = "<group>"; };
		45306B2A273911B100D1516B /* UIVC.swift */ = {isa = PBXFileReference; lastKnownFileType = sourcecode.swift; path = UIVC.swift; sourceTree = "<group>"; };
		45306B2C273913CA00D1516B /* LoginCoordinator.swift */ = {isa = PBXFileReference; lastKnownFileType = sourcecode.swift; path = LoginCoordinator.swift; sourceTree = "<group>"; };
		45306B2E27391C1100D1516B /* LoginViewModel.swift */ = {isa = PBXFileReference; lastKnownFileType = sourcecode.swift; path = LoginViewModel.swift; sourceTree = "<group>"; };
		45306B3027391C4D00D1516B /* ProfileCoordinator.swift */ = {isa = PBXFileReference; lastKnownFileType = sourcecode.swift; path = ProfileCoordinator.swift; sourceTree = "<group>"; };
		45306B3227391C6900D1516B /* ProfileViewModel.swift */ = {isa = PBXFileReference; lastKnownFileType = sourcecode.swift; path = ProfileViewModel.swift; sourceTree = "<group>"; };
		45306B352739244100D1516B /* CreateModuleProtocol.swift */ = {isa = PBXFileReference; lastKnownFileType = sourcecode.swift; path = CreateModuleProtocol.swift; sourceTree = "<group>"; };
		45306B372739246100D1516B /* ModuleFactory.swift */ = {isa = PBXFileReference; lastKnownFileType = sourcecode.swift; path = ModuleFactory.swift; sourceTree = "<group>"; };
		453CB209288FE37400110514 /* FavoritesCoordinator.swift */ = {isa = PBXFileReference; lastKnownFileType = sourcecode.swift; path = FavoritesCoordinator.swift; sourceTree = "<group>"; };
		453CB20B288FE4C000110514 /* FavoritesViewModel.swift */ = {isa = PBXFileReference; lastKnownFileType = sourcecode.swift; path = FavoritesViewModel.swift; sourceTree = "<group>"; };
		453CB20D288FE4D200110514 /* FavoritesViewController.swift */ = {isa = PBXFileReference; lastKnownFileType = sourcecode.swift; path = FavoritesViewController.swift; sourceTree = "<group>"; };
		453CB212288FF8D100110514 /* Assets.xcassets */ = {isa = PBXFileReference; lastKnownFileType = folder.assetcatalog; path = Assets.xcassets; sourceTree = "<group>"; };
		453CB21C288FFA0E00110514 /* StringExtensions.swift */ = {isa = PBXFileReference; fileEncoding = 4; lastKnownFileType = sourcecode.swift; path = StringExtensions.swift; sourceTree = "<group>"; };
		453CB21E288FFB1700110514 /* CoreDataCoordinator.swift */ = {isa = PBXFileReference; fileEncoding = 4; lastKnownFileType = sourcecode.swift; path = CoreDataCoordinator.swift; sourceTree = "<group>"; };
		453CB221288FFBF200110514 /* PostsCoreData.xcdatamodel */ = {isa = PBXFileReference; lastKnownFileType = wrapper.xcdatamodel; path = PostsCoreData.xcdatamodel; sourceTree = "<group>"; };
		453CB2252891CB3B00110514 /* CoreDataCoordinatorManager.swift */ = {isa = PBXFileReference; lastKnownFileType = sourcecode.swift; path = CoreDataCoordinatorManager.swift; sourceTree = "<group>"; };
		45653B40275A573A0079AA67 /* AuthenticationErrors.swift */ = {isa = PBXFileReference; lastKnownFileType = sourcecode.swift; path = AuthenticationErrors.swift; sourceTree = "<group>"; };
		45653B42275AA30F0079AA67 /* ErrorAlert.swift */ = {isa = PBXFileReference; lastKnownFileType = sourcecode.swift; path = ErrorAlert.swift; sourceTree = "<group>"; };
		4565D3C227B5A47E007557A0 /* NetworkService.swift */ = {isa = PBXFileReference; lastKnownFileType = sourcecode.swift; path = NetworkService.swift; sourceTree = "<group>"; };
		4565D3C427B5A85F007557A0 /* AppConfiguration.swift */ = {isa = PBXFileReference; lastKnownFileType = sourcecode.swift; path = AppConfiguration.swift; sourceTree = "<group>"; };
		4565D3C627B6E719007557A0 /* Ship.swift */ = {isa = PBXFileReference; lastKnownFileType = sourcecode.swift; path = Ship.swift; sourceTree = "<group>"; };
		4565D3CA27C4FFB8007557A0 /* Planet.swift */ = {isa = PBXFileReference; lastKnownFileType = sourcecode.swift; path = Planet.swift; sourceTree = "<group>"; };
		4565D3CC27C56ACF007557A0 /* Resident.swift */ = {isa = PBXFileReference; lastKnownFileType = sourcecode.swift; path = Resident.swift; sourceTree = "<group>"; };
		4565D3CE27C78283007557A0 /* DecoderDataStrategy.swift */ = {isa = PBXFileReference; lastKnownFileType = sourcecode.swift; path = DecoderDataStrategy.swift; sourceTree = "<group>"; };
		4573324C2799651F0060B2DA /* Videos.swift */ = {isa = PBXFileReference; lastKnownFileType = sourcecode.swift; path = Videos.swift; sourceTree = "<group>"; };
		4573324E279966020060B2DA /* VideoTableViewCell.swift */ = {isa = PBXFileReference; lastKnownFileType = sourcecode.swift; path = VideoTableViewCell.swift; sourceTree = "<group>"; };
		45733250279966140060B2DA /* VideoTableHeaderView.swift */ = {isa = PBXFileReference; lastKnownFileType = sourcecode.swift; path = VideoTableHeaderView.swift; sourceTree = "<group>"; };
		45733252279966270060B2DA /* YoutubePlayerView.swift */ = {isa = PBXFileReference; lastKnownFileType = sourcecode.swift; path = YoutubePlayerView.swift; sourceTree = "<group>"; };
		45733254279966380060B2DA /* ShowVideoViewController.swift */ = {isa = PBXFileReference; lastKnownFileType = sourcecode.swift; path = ShowVideoViewController.swift; sourceTree = "<group>"; };
		4573325827998F470060B2DA /* LocalVideoViewController.swift */ = {isa = PBXFileReference; lastKnownFileType = sourcecode.swift; path = LocalVideoViewController.swift; sourceTree = "<group>"; };
		4573325A27998FF40060B2DA /* ShowLocalVideoViewController.swift */ = {isa = PBXFileReference; lastKnownFileType = sourcecode.swift; path = ShowLocalVideoViewController.swift; sourceTree = "<group>"; };
		4573325D2799905F0060B2DA /* LocalVideoTableViewCell.swift */ = {isa = PBXFileReference; lastKnownFileType = sourcecode.swift; path = LocalVideoTableViewCell.swift; sourceTree = "<group>"; };
		4573325F279992AC0060B2DA /* LocalVideoTableHeaderView.swift */ = {isa = PBXFileReference; lastKnownFileType = sourcecode.swift; path = LocalVideoTableHeaderView.swift; sourceTree = "<group>"; };
		457B8FE727CCDC7D001AE209 /* GoogleService-Info.plist */ = {isa = PBXFileReference; fileEncoding = 4; lastKnownFileType = text.plist.xml; path = "GoogleService-Info.plist"; sourceTree = "<group>"; };
		457B904427CF52A0001AE209 /* CreateNewUserViewController.swift */ = {isa = PBXFileReference; lastKnownFileType = sourcecode.swift; path = CreateNewUserViewController.swift; sourceTree = "<group>"; };
		457B904627CF55C9001AE209 /* UserDefaultsStorage.swift */ = {isa = PBXFileReference; lastKnownFileType = sourcecode.swift; path = UserDefaultsStorage.swift; sourceTree = "<group>"; };
		457B904827CF55F2001AE209 /* UserInfoModel.swift */ = {isa = PBXFileReference; lastKnownFileType = sourcecode.swift; path = UserInfoModel.swift; sourceTree = "<group>"; };
		457B904A27CF606B001AE209 /* CreateNewUserCoordinator.swift */ = {isa = PBXFileReference; lastKnownFileType = sourcecode.swift; path = CreateNewUserCoordinator.swift; sourceTree = "<group>"; };
		457B904C27CF607F001AE209 /* CreateNewUserViewModel.swift */ = {isa = PBXFileReference; lastKnownFileType = sourcecode.swift; path = CreateNewUserViewModel.swift; sourceTree = "<group>"; };
		4583A13527955AD30054E377 /* MP3Player.swift */ = {isa = PBXFileReference; lastKnownFileType = sourcecode.swift; path = MP3Player.swift; sourceTree = "<group>"; };
		4583A13727955CDE0054E377 /* MP3FilesReader.swift */ = {isa = PBXFileReference; lastKnownFileType = sourcecode.swift; path = MP3FilesReader.swift; sourceTree = "<group>"; };
		4583A1392795714E0054E377 /* AudioViewModel.swift */ = {isa = PBXFileReference; lastKnownFileType = sourcecode.swift; path = AudioViewModel.swift; sourceTree = "<group>"; };
		4586111A26FA0BA300269593 /* Checker.swift */ = {isa = PBXFileReference; lastKnownFileType = sourcecode.swift; path = Checker.swift; sourceTree = "<group>"; };
		4586111C26FA0BE000269593 /* LoginVCDelegateProtocol.swift */ = {isa = PBXFileReference; lastKnownFileType = sourcecode.swift; path = LoginVCDelegateProtocol.swift; sourceTree = "<group>"; };
		4586111E26FA0BF700269593 /* LoginInspector.swift */ = {isa = PBXFileReference; lastKnownFileType = sourcecode.swift; path = LoginInspector.swift; sourceTree = "<group>"; };
		4586112026FA0C1000269593 /* LoginFactoryProtocol.swift */ = {isa = PBXFileReference; lastKnownFileType = sourcecode.swift; path = LoginFactoryProtocol.swift; sourceTree = "<group>"; };
		4586112226FA0C3200269593 /* LoginFactory.swift */ = {isa = PBXFileReference; lastKnownFileType = sourcecode.swift; path = LoginFactory.swift; sourceTree = "<group>"; };
		458CBBB526E0E53100915CA1 /* Navigation.app */ = {isa = PBXFileReference; explicitFileType = wrapper.application; includeInIndex = 0; path = Navigation.app; sourceTree = BUILT_PRODUCTS_DIR; };
		458CBBB826E0E53100915CA1 /* AppDelegate.swift */ = {isa = PBXFileReference; lastKnownFileType = sourcecode.swift; path = AppDelegate.swift; sourceTree = "<group>"; };
		458CBBC426E0E53400915CA1 /* Base */ = {isa = PBXFileReference; lastKnownFileType = file.storyboard; name = Base; path = Base.lproj/LaunchScreen.storyboard; sourceTree = "<group>"; };
		458CBBC626E0E53400915CA1 /* Info.plist */ = {isa = PBXFileReference; lastKnownFileType = text.plist.xml; path = Info.plist; sourceTree = "<group>"; };
		458CBBD326E0F8D800915CA1 /* FeedViewController.swift */ = {isa = PBXFileReference; lastKnownFileType = sourcecode.swift; path = FeedViewController.swift; sourceTree = "<group>"; };
		458CBBD526E0F8EF00915CA1 /* PostViewController.swift */ = {isa = PBXFileReference; lastKnownFileType = sourcecode.swift; path = PostViewController.swift; sourceTree = "<group>"; };
		458CBBD726E0F8FF00915CA1 /* InfoViewController.swift */ = {isa = PBXFileReference; lastKnownFileType = sourcecode.swift; path = InfoViewController.swift; sourceTree = "<group>"; };
		458CBBD926E0F90E00915CA1 /* LogInViewController.swift */ = {isa = PBXFileReference; lastKnownFileType = sourcecode.swift; path = LogInViewController.swift; sourceTree = "<group>"; };
		458CBBDB26E0F92200915CA1 /* ProfileViewController.swift */ = {isa = PBXFileReference; lastKnownFileType = sourcecode.swift; path = ProfileViewController.swift; sourceTree = "<group>"; };
		458CBBDD26E0F93600915CA1 /* PhotosViewController.swift */ = {isa = PBXFileReference; lastKnownFileType = sourcecode.swift; path = PhotosViewController.swift; sourceTree = "<group>"; };
		458CBBDF26E0F95A00915CA1 /* PostTableViewCell.swift */ = {isa = PBXFileReference; lastKnownFileType = sourcecode.swift; path = PostTableViewCell.swift; sourceTree = "<group>"; };
		458CBBE126E0F96C00915CA1 /* PhotosTableViewCell.swift */ = {isa = PBXFileReference; lastKnownFileType = sourcecode.swift; path = PhotosTableViewCell.swift; sourceTree = "<group>"; };
		458CBBE326E0F98800915CA1 /* PhotosCollectionViewCell.swift */ = {isa = PBXFileReference; lastKnownFileType = sourcecode.swift; path = PhotosCollectionViewCell.swift; sourceTree = "<group>"; };
		458CBBE526E0F9B600915CA1 /* ProfileHeaderView.swift */ = {isa = PBXFileReference; lastKnownFileType = sourcecode.swift; path = ProfileHeaderView.swift; sourceTree = "<group>"; };
		458CBBE726E0F9D200915CA1 /* PostsStorageFile.swift */ = {isa = PBXFileReference; lastKnownFileType = sourcecode.swift; path = PostsStorageFile.swift; sourceTree = "<group>"; };
		458CBBE926E0F9E000915CA1 /* PhotosStorageFile.swift */ = {isa = PBXFileReference; lastKnownFileType = sourcecode.swift; path = PhotosStorageFile.swift; sourceTree = "<group>"; };
		458CBBEB26E0FA5300915CA1 /* MainTabBarController.swift */ = {isa = PBXFileReference; lastKnownFileType = sourcecode.swift; path = MainTabBarController.swift; sourceTree = "<group>"; };
		458CBC2726E107C300915CA1 /* StorageService.framework */ = {isa = PBXFileReference; explicitFileType = wrapper.framework; includeInIndex = 0; path = StorageService.framework; sourceTree = BUILT_PRODUCTS_DIR; };
		458CBC2926E107C300915CA1 /* StorageService.h */ = {isa = PBXFileReference; lastKnownFileType = sourcecode.c.h; path = StorageService.h; sourceTree = "<group>"; };
		458CBC2A26E107C300915CA1 /* Info.plist */ = {isa = PBXFileReference; lastKnownFileType = text.plist.xml; path = Info.plist; sourceTree = "<group>"; };
		45D503A126F522E600387102 /* PhotoViewController.swift */ = {isa = PBXFileReference; lastKnownFileType = sourcecode.swift; path = PhotoViewController.swift; sourceTree = "<group>"; };
		45D503A326F5231400387102 /* UserServiceProtocol.swift */ = {isa = PBXFileReference; lastKnownFileType = sourcecode.swift; path = UserServiceProtocol.swift; sourceTree = "<group>"; };
		45D503A526F5232D00387102 /* User.swift */ = {isa = PBXFileReference; lastKnownFileType = sourcecode.swift; path = User.swift; sourceTree = "<group>"; };
		45D503A726F5234C00387102 /* CurrentUser.swift */ = {isa = PBXFileReference; lastKnownFileType = sourcecode.swift; path = CurrentUser.swift; sourceTree = "<group>"; };
		45D503A926F5236500387102 /* TestUser.swift */ = {isa = PBXFileReference; lastKnownFileType = sourcecode.swift; path = TestUser.swift; sourceTree = "<group>"; };
		45D503AC26F523FC00387102 /* UIColor.swift */ = {isa = PBXFileReference; lastKnownFileType = sourcecode.swift; path = UIColor.swift; sourceTree = "<group>"; };
		45D503AE26F5241900387102 /* ImageAlpha.swift */ = {isa = PBXFileReference; lastKnownFileType = sourcecode.swift; path = ImageAlpha.swift; sourceTree = "<group>"; };
		45E2C684270F224300B58BC3 /* CustomButton.swift */ = {isa = PBXFileReference; lastKnownFileType = sourcecode.swift; path = CustomButton.swift; sourceTree = "<group>"; };
		45E2C686270F227200B58BC3 /* CustomTextField.swift */ = {isa = PBXFileReference; lastKnownFileType = sourcecode.swift; path = CustomTextField.swift; sourceTree = "<group>"; };
		45E2C688270F229400B58BC3 /* CheckerText.swift */ = {isa = PBXFileReference; lastKnownFileType = sourcecode.swift; path = CheckerText.swift; sourceTree = "<group>"; };
		45F30FA4273D4F580016DEC0 /* BruteForse.swift */ = {isa = PBXFileReference; lastKnownFileType = sourcecode.swift; path = BruteForse.swift; sourceTree = "<group>"; };
		8C04E2B836B5379A25B98A4F /* Pods-Navigation.debug.xcconfig */ = {isa = PBXFileReference; includeInIndex = 1; lastKnownFileType = text.xcconfig; name = "Pods-Navigation.debug.xcconfig"; path = "Target Support Files/Pods-Navigation/Pods-Navigation.debug.xcconfig"; sourceTree = "<group>"; };
		E92FC96268B7DCD40078E97D /* Pods-StorageService.release.xcconfig */ = {isa = PBXFileReference; includeInIndex = 1; lastKnownFileType = text.xcconfig; name = "Pods-StorageService.release.xcconfig"; path = "Target Support Files/Pods-StorageService/Pods-StorageService.release.xcconfig"; sourceTree = "<group>"; };
/* End PBXFileReference section */

/* Begin PBXFrameworksBuildPhase section */
		458CBBB226E0E53100915CA1 /* Frameworks */ = {
			isa = PBXFrameworksBuildPhase;
			buildActionMask = 2147483647;
			files = (
				458CBC8D26EF877700915CA1 /* iOSIntPackage in Frameworks */,
				458CBC2E26E107C300915CA1 /* StorageService.framework in Frameworks */,
				F47C8C17850C5C48D5CE7146 /* Pods_Navigation.framework in Frameworks */,
			);
			runOnlyForDeploymentPostprocessing = 0;
		};
		458CBC2426E107C300915CA1 /* Frameworks */ = {
			isa = PBXFrameworksBuildPhase;
			buildActionMask = 2147483647;
			files = (
				18AC8181C88949E20775BF53 /* Pods_StorageService.framework in Frameworks */,
			);
			runOnlyForDeploymentPostprocessing = 0;
		};
/* End PBXFrameworksBuildPhase section */

/* Begin PBXGroup section */
		1F6F9FAAC6B1F9BC44611389 /* Pods */ = {
			isa = PBXGroup;
			children = (
				8C04E2B836B5379A25B98A4F /* Pods-Navigation.debug.xcconfig */,
				23BFA7C0F62E273954E08492 /* Pods-Navigation.release.xcconfig */,
				37985909E3167867533EF7C9 /* Pods-StorageService.debug.xcconfig */,
				E92FC96268B7DCD40078E97D /* Pods-StorageService.release.xcconfig */,
			);
			path = Pods;
			sourceTree = "<group>";
		};
		451798FA2771BFE6004DCACB /* SlideMenuModule */ = {
			isa = PBXGroup;
			children = (
				45179905277262ED004DCACB /* SlideMenuCoordinator.swift */,
				451798FB2771C202004DCACB /* SlideMenuContainerViewController.swift */,
				451798FD2771C27A004DCACB /* SlideMenuViewController.swift */,
				451798FF2771EAAA004DCACB /* SlideMenuTableViewCell.swift */,
				4517990127725C01004DCACB /* SlideMenuModel.swift */,
			);
			path = SlideMenuModule;
			sourceTree = "<group>";
		};
		451799032772607C004DCACB /* AudioModule */ = {
			isa = PBXGroup;
			children = (
				4583A1392795714E0054E377 /* AudioViewModel.swift */,
				4517990727730D53004DCACB /* AudioViewController.swift */,
				4583A13527955AD30054E377 /* MP3Player.swift */,
				4583A13727955CDE0054E377 /* MP3FilesReader.swift */,
			);
			path = AudioModule;
			sourceTree = "<group>";
		};
		4517990427726090004DCACB /* YouTubeVideoModule */ = {
			isa = PBXGroup;
			children = (
				4517990927730D67004DCACB /* VideoViewController.swift */,
				45733254279966380060B2DA /* ShowVideoViewController.swift */,
				45733252279966270060B2DA /* YoutubePlayerView.swift */,
				45733250279966140060B2DA /* VideoTableHeaderView.swift */,
				4573324E279966020060B2DA /* VideoTableViewCell.swift */,
			);
			path = YouTubeVideoModule;
			sourceTree = "<group>";
		};
		4517990B27732B0A004DCACB /* Music */ = {
			isa = PBXGroup;
			children = (
			);
			path = Music;
			sourceTree = "<group>";
		};
		45306B1627390C0500D1516B /* FeedTab */ = {
			isa = PBXGroup;
			children = (
				45306B1727390C1A00D1516B /* FeedModule */,
				45306B1827390C8E00D1516B /* PostModule */,
				45306B1927390CC900D1516B /* InfoModule */,
			);
			path = FeedTab;
			sourceTree = "<group>";
		};
		45306B1727390C1A00D1516B /* FeedModule */ = {
			isa = PBXGroup;
			children = (
				45306B1C27390D9500D1516B /* FeedCoordinator.swift */,
				45306B1A27390D7900D1516B /* FeedViewModel.swift */,
				458CBBD326E0F8D800915CA1 /* FeedViewController.swift */,
			);
			path = FeedModule;
			sourceTree = "<group>";
		};
		45306B1827390C8E00D1516B /* PostModule */ = {
			isa = PBXGroup;
			children = (
				45306B1E27390E5500D1516B /* PostCoordinator.swift */,
				45306B2027390E6600D1516B /* PostViewModel.swift */,
				458CBBD526E0F8EF00915CA1 /* PostViewController.swift */,
			);
			path = PostModule;
			sourceTree = "<group>";
		};
		45306B1927390CC900D1516B /* InfoModule */ = {
			isa = PBXGroup;
			children = (
				458CBBD726E0F8FF00915CA1 /* InfoViewController.swift */,
			);
			path = InfoModule;
			sourceTree = "<group>";
		};
		45306B2427390EB100D1516B /* ProfileTab */ = {
			isa = PBXGroup;
			children = (
				457B904327CF5272001AE209 /* CreateNewUserModule */,
				45306B2527390EC500D1516B /* LoginModule */,
				451798FA2771BFE6004DCACB /* SlideMenuModule */,
				45306B26273910B400D1516B /* ProfileModule */,
				451799032772607C004DCACB /* AudioModule */,
				4517990427726090004DCACB /* YouTubeVideoModule */,
				4573325727998F130060B2DA /* LocalVideModule */,
				45306B27273910C600D1516B /* PhotoModule */,
				453CB208288FE33900110514 /* FavoritesModule */,
			);
			path = ProfileTab;
			sourceTree = "<group>";
		};
		45306B2527390EC500D1516B /* LoginModule */ = {
			isa = PBXGroup;
			children = (
				45306B2C273913CA00D1516B /* LoginCoordinator.swift */,
				45306B2E27391C1100D1516B /* LoginViewModel.swift */,
				458CBBD926E0F90E00915CA1 /* LogInViewController.swift */,
			);
			path = LoginModule;
			sourceTree = "<group>";
		};
		45306B26273910B400D1516B /* ProfileModule */ = {
			isa = PBXGroup;
			children = (
				45306B3027391C4D00D1516B /* ProfileCoordinator.swift */,
				45306B3227391C6900D1516B /* ProfileViewModel.swift */,
				458CBBDB26E0F92200915CA1 /* ProfileViewController.swift */,
			);
			path = ProfileModule;
			sourceTree = "<group>";
		};
		45306B27273910C600D1516B /* PhotoModule */ = {
			isa = PBXGroup;
			children = (
				458CBBDD26E0F93600915CA1 /* PhotosViewController.swift */,
				45D503A126F522E600387102 /* PhotoViewController.swift */,
			);
			path = PhotoModule;
			sourceTree = "<group>";
		};
		45306B342739240600D1516B /* CreationModules */ = {
			isa = PBXGroup;
			children = (
				45306B352739244100D1516B /* CreateModuleProtocol.swift */,
				45306B372739246100D1516B /* ModuleFactory.swift */,
			);
			path = CreationModules;
			sourceTree = "<group>";
		};
		453CB208288FE33900110514 /* FavoritesModule */ = {
			isa = PBXGroup;
			children = (
				453CB209288FE37400110514 /* FavoritesCoordinator.swift */,
				453CB20B288FE4C000110514 /* FavoritesViewModel.swift */,
				453CB20D288FE4D200110514 /* FavoritesViewController.swift */,
			);
			path = FavoritesModule;
			sourceTree = "<group>";
		};
		453CB214288FF98A00110514 /* CoreData */ = {
			isa = PBXGroup;
			children = (
				453CB21E288FFB1700110514 /* CoreDataCoordinator.swift */,
				453CB2252891CB3B00110514 /* CoreDataCoordinatorManager.swift */,
				453CB220288FFBF200110514 /* PostsCoreData.xcdatamodeld */,
			);
			path = CoreData;
			sourceTree = "<group>";
		};
		4565D3C127B5A455007557A0 /* Network */ = {
			isa = PBXGroup;
			children = (
				4565D3C227B5A47E007557A0 /* NetworkService.swift */,
				4565D3C427B5A85F007557A0 /* AppConfiguration.swift */,
				4565D3D027C7859B007557A0 /* NetModels */,
			);
			path = Network;
			sourceTree = "<group>";
		};
		4565D3D027C7859B007557A0 /* NetModels */ = {
			isa = PBXGroup;
			children = (
				4565D3C627B6E719007557A0 /* Ship.swift */,
				4565D3CA27C4FFB8007557A0 /* Planet.swift */,
				4565D3CC27C56ACF007557A0 /* Resident.swift */,
			);
			path = NetModels;
			sourceTree = "<group>";
		};
		4573325727998F130060B2DA /* LocalVideModule */ = {
			isa = PBXGroup;
			children = (
				4573325827998F470060B2DA /* LocalVideoViewController.swift */,
				4573325A27998FF40060B2DA /* ShowLocalVideoViewController.swift */,
				4573325F279992AC0060B2DA /* LocalVideoTableHeaderView.swift */,
				4573325D2799905F0060B2DA /* LocalVideoTableViewCell.swift */,
			);
			path = LocalVideModule;
			sourceTree = "<group>";
		};
		4573326127999EDE0060B2DA /* Videos */ = {
			isa = PBXGroup;
			children = (
			);
			path = Videos;
			sourceTree = "<group>";
		};
		457B904327CF5272001AE209 /* CreateNewUserModule */ = {
			isa = PBXGroup;
			children = (
				457B904A27CF606B001AE209 /* CreateNewUserCoordinator.swift */,
				457B904C27CF607F001AE209 /* CreateNewUserViewModel.swift */,
				457B904427CF52A0001AE209 /* CreateNewUserViewController.swift */,
			);
			path = CreateNewUserModule;
			sourceTree = "<group>";
		};
		4586111926FA0B8000269593 /* AuthorizationService */ = {
			isa = PBXGroup;
			children = (
				4586111A26FA0BA300269593 /* Checker.swift */,
				4586111C26FA0BE000269593 /* LoginVCDelegateProtocol.swift */,
				4586111E26FA0BF700269593 /* LoginInspector.swift */,
				4586112026FA0C1000269593 /* LoginFactoryProtocol.swift */,
				4586112226FA0C3200269593 /* LoginFactory.swift */,
			);
			path = AuthorizationService;
			sourceTree = "<group>";
		};
		458CBBAC26E0E53100915CA1 = {
			isa = PBXGroup;
			children = (
				458CBBB726E0E53100915CA1 /* Navigation */,
				458CBC2826E107C300915CA1 /* StorageService */,
				458CBBB626E0E53100915CA1 /* Products */,
				1F6F9FAAC6B1F9BC44611389 /* Pods */,
				EE474AC22F3AC7A0B5A01372 /* Frameworks */,
			);
			sourceTree = "<group>";
		};
		458CBBB626E0E53100915CA1 /* Products */ = {
			isa = PBXGroup;
			children = (
				458CBBB526E0E53100915CA1 /* Navigation.app */,
				458CBC2726E107C300915CA1 /* StorageService.framework */,
			);
			name = Products;
			sourceTree = "<group>";
		};
		458CBBB726E0E53100915CA1 /* Navigation */ = {
			isa = PBXGroup;
			children = (
				458CBBED26E0FAE200915CA1 /* Aplication */,
				4565D3C127B5A455007557A0 /* Network */,
				4586111926FA0B8000269593 /* AuthorizationService */,
				45306B342739240600D1516B /* CreationModules */,
				45306B2427390EB100D1516B /* ProfileTab */,
				45306B1627390C0500D1516B /* FeedTab */,
				45D0C21D287DB50000E2E181 /* DataBase */,
				458CBBCF26E0F84400915CA1 /* Cells */,
				458CBBD026E0F84E00915CA1 /* Profile */,
				45E2C68B270F267400B58BC3 /* Models */,
				458CBBCC26E0F68C00915CA1 /* Resources */,
				45D503AB26F523D300387102 /* Extensions */,
			);
			path = Navigation;
			sourceTree = "<group>";
		};
		458CBBCC26E0F68C00915CA1 /* Resources */ = {
			isa = PBXGroup;
			children = (
				4573326127999EDE0060B2DA /* Videos */,
				4517990B27732B0A004DCACB /* Music */,
				45E2C68A270F262F00B58BC3 /* CustomElements */,
				458CBBC326E0E53400915CA1 /* LaunchScreen.storyboard */,
				453CB212288FF8D100110514 /* Assets.xcassets */,
				458CBBC626E0E53400915CA1 /* Info.plist */,
				457B8FE727CCDC7D001AE209 /* GoogleService-Info.plist */,
			);
			path = Resources;
			sourceTree = "<group>";
		};
		458CBBCF26E0F84400915CA1 /* Cells */ = {
			isa = PBXGroup;
			children = (
				458CBBDF26E0F95A00915CA1 /* PostTableViewCell.swift */,
				458CBBE126E0F96C00915CA1 /* PhotosTableViewCell.swift */,
				458CBBE326E0F98800915CA1 /* PhotosCollectionViewCell.swift */,
			);
			path = Cells;
			sourceTree = "<group>";
		};
		458CBBD026E0F84E00915CA1 /* Profile */ = {
			isa = PBXGroup;
			children = (
				458CBBE526E0F9B600915CA1 /* ProfileHeaderView.swift */,
				45D503A326F5231400387102 /* UserServiceProtocol.swift */,
				45D503A526F5232D00387102 /* User.swift */,
				45D503A726F5234C00387102 /* CurrentUser.swift */,
				45D503A926F5236500387102 /* TestUser.swift */,
			);
			path = Profile;
			sourceTree = "<group>";
		};
		458CBBD126E0F85A00915CA1 /* Storages */ = {
			isa = PBXGroup;
			children = (
				458CBBE726E0F9D200915CA1 /* PostsStorageFile.swift */,
				458CBBE926E0F9E000915CA1 /* PhotosStorageFile.swift */,
			);
			path = Storages;
			sourceTree = "<group>";
		};
		458CBBED26E0FAE200915CA1 /* Aplication */ = {
			isa = PBXGroup;
			children = (
				458CBBB826E0E53100915CA1 /* AppDelegate.swift */,
				458CBBEB26E0FA5300915CA1 /* MainTabBarController.swift */,
				45306B1427390B7200D1516B /* CoordinatorProtocol.swift */,
			);
			path = Aplication;
			sourceTree = "<group>";
		};
		458CBC2826E107C300915CA1 /* StorageService */ = {
			isa = PBXGroup;
			children = (
				458CBBD126E0F85A00915CA1 /* Storages */,
				458CBC2926E107C300915CA1 /* StorageService.h */,
				458CBC2A26E107C300915CA1 /* Info.plist */,
			);
			path = StorageService;
			sourceTree = "<group>";
		};
		45D0C21D287DB50000E2E181 /* DataBase */ = {
			isa = PBXGroup;
			children = (
				453CB214288FF98A00110514 /* CoreData */,
				45D0C21E287DB52800E2E181 /* UserDefaults */,
			);
			path = DataBase;
			sourceTree = "<group>";
		};
		45D0C21E287DB52800E2E181 /* UserDefaults */ = {
			isa = PBXGroup;
			children = (
				457B904627CF55C9001AE209 /* UserDefaultsStorage.swift */,
				457B904827CF55F2001AE209 /* UserInfoModel.swift */,
			);
			path = UserDefaults;
			sourceTree = "<group>";
		};
		45D503AB26F523D300387102 /* Extensions */ = {
			isa = PBXGroup;
			children = (
				4565D3CE27C78283007557A0 /* DecoderDataStrategy.swift */,
				45D503AC26F523FC00387102 /* UIColor.swift */,
				45D503AE26F5241900387102 /* ImageAlpha.swift */,
				45306B282739119500D1516B /* UITabBarItem.swift */,
				45306B2A273911B100D1516B /* UIVC.swift */,
				453CB21C288FFA0E00110514 /* StringExtensions.swift */,
			);
			path = Extensions;
			sourceTree = "<group>";
		};
		45E2C68A270F262F00B58BC3 /* CustomElements */ = {
			isa = PBXGroup;
			children = (
				45E2C684270F224300B58BC3 /* CustomButton.swift */,
				45E2C686270F227200B58BC3 /* CustomTextField.swift */,
			);
			path = CustomElements;
			sourceTree = "<group>";
		};
		45E2C68B270F267400B58BC3 /* Models */ = {
			isa = PBXGroup;
			children = (
				45653B40275A573A0079AA67 /* AuthenticationErrors.swift */,
				45653B42275AA30F0079AA67 /* ErrorAlert.swift */,
				45E2C688270F229400B58BC3 /* CheckerText.swift */,
				45F30FA4273D4F580016DEC0 /* BruteForse.swift */,
				4573324C2799651F0060B2DA /* Videos.swift */,
			);
			path = Models;
			sourceTree = "<group>";
		};
		EE474AC22F3AC7A0B5A01372 /* Frameworks */ = {
			isa = PBXGroup;
			children = (
				1C6882C9CB6B724620F5A001 /* Pods_Navigation.framework */,
				20C1291E3E0F4BE9CB3BFCE2 /* Pods_StorageService.framework */,
			);
			name = Frameworks;
			sourceTree = "<group>";
		};
/* End PBXGroup section */

/* Begin PBXHeadersBuildPhase section */
		458CBC2226E107C300915CA1 /* Headers */ = {
			isa = PBXHeadersBuildPhase;
			buildActionMask = 2147483647;
			files = (
				458CBC2B26E107C300915CA1 /* StorageService.h in Headers */,
			);
			runOnlyForDeploymentPostprocessing = 0;
		};
/* End PBXHeadersBuildPhase section */

/* Begin PBXNativeTarget section */
		458CBBB426E0E53100915CA1 /* Navigation */ = {
			isa = PBXNativeTarget;
			buildConfigurationList = 458CBBC926E0E53400915CA1 /* Build configuration list for PBXNativeTarget "Navigation" */;
			buildPhases = (
				4525D3F0E12C6A1865CEA417 /* [CP] Check Pods Manifest.lock */,
				458CBBB126E0E53100915CA1 /* Sources */,
				458CBBB226E0E53100915CA1 /* Frameworks */,
				458CBBB326E0E53100915CA1 /* Resources */,
				458CBC0A26E1073E00915CA1 /* Embed Frameworks */,
				34639EF671C1D1C1D918E10B /* [CP] Embed Pods Frameworks */,
			);
			buildRules = (
			);
			dependencies = (
				458CBC2D26E107C300915CA1 /* PBXTargetDependency */,
			);
			name = Navigation;
			packageProductDependencies = (
				458CBC8C26EF877700915CA1 /* iOSIntPackage */,
			);
			productName = Navigation;
			productReference = 458CBBB526E0E53100915CA1 /* Navigation.app */;
			productType = "com.apple.product-type.application";
		};
		458CBC2626E107C300915CA1 /* StorageService */ = {
			isa = PBXNativeTarget;
			buildConfigurationList = 458CBC3226E107C300915CA1 /* Build configuration list for PBXNativeTarget "StorageService" */;
			buildPhases = (
				ED462D46F9ED28E770245DA1 /* [CP] Check Pods Manifest.lock */,
				458CBC2226E107C300915CA1 /* Headers */,
				458CBC2326E107C300915CA1 /* Sources */,
				458CBC2426E107C300915CA1 /* Frameworks */,
				458CBC2526E107C300915CA1 /* Resources */,
			);
			buildRules = (
			);
			dependencies = (
			);
			name = StorageService;
			productName = StorageService;
			productReference = 458CBC2726E107C300915CA1 /* StorageService.framework */;
			productType = "com.apple.product-type.framework";
		};
/* End PBXNativeTarget section */

/* Begin PBXProject section */
		458CBBAD26E0E53100915CA1 /* Project object */ = {
			isa = PBXProject;
			attributes = {
				LastSwiftUpdateCheck = 1250;
				LastUpgradeCheck = 1250;
				TargetAttributes = {
					458CBBB426E0E53100915CA1 = {
						CreatedOnToolsVersion = 12.5.1;
					};
					458CBC2626E107C300915CA1 = {
						CreatedOnToolsVersion = 12.5.1;
					};
				};
			};
			buildConfigurationList = 458CBBB026E0E53100915CA1 /* Build configuration list for PBXProject "Navigation" */;
			compatibilityVersion = "Xcode 9.3";
			developmentRegion = en;
			hasScannedForEncodings = 0;
			knownRegions = (
				en,
				Base,
			);
			mainGroup = 458CBBAC26E0E53100915CA1;
			packageReferences = (
				458CBC8B26EF877700915CA1 /* XCRemoteSwiftPackageReference "iOSIntPackage" */,
			);
			productRefGroup = 458CBBB626E0E53100915CA1 /* Products */;
			projectDirPath = "";
			projectRoot = "";
			targets = (
				458CBBB426E0E53100915CA1 /* Navigation */,
				458CBC2626E107C300915CA1 /* StorageService */,
			);
		};
/* End PBXProject section */

/* Begin PBXResourcesBuildPhase section */
		458CBBB326E0E53100915CA1 /* Resources */ = {
			isa = PBXResourcesBuildPhase;
			buildActionMask = 2147483647;
			files = (
				458CBBC526E0E53400915CA1 /* LaunchScreen.storyboard in Resources */,
				453CB213288FF8D100110514 /* Assets.xcassets in Resources */,
				457B8FE827CCDC7D001AE209 /* GoogleService-Info.plist in Resources */,
			);
			runOnlyForDeploymentPostprocessing = 0;
		};
		458CBC2526E107C300915CA1 /* Resources */ = {
			isa = PBXResourcesBuildPhase;
			buildActionMask = 2147483647;
			files = (
			);
			runOnlyForDeploymentPostprocessing = 0;
		};
/* End PBXResourcesBuildPhase section */

/* Begin PBXShellScriptBuildPhase section */
		34639EF671C1D1C1D918E10B /* [CP] Embed Pods Frameworks */ = {
			isa = PBXShellScriptBuildPhase;
			buildActionMask = 2147483647;
			files = (
			);
			inputFileListPaths = (
				"${PODS_ROOT}/Target Support Files/Pods-Navigation/Pods-Navigation-frameworks-${CONFIGURATION}-input-files.xcfilelist",
			);
			name = "[CP] Embed Pods Frameworks";
			outputFileListPaths = (
				"${PODS_ROOT}/Target Support Files/Pods-Navigation/Pods-Navigation-frameworks-${CONFIGURATION}-output-files.xcfilelist",
			);
			runOnlyForDeploymentPostprocessing = 0;
			shellPath = /bin/sh;
			shellScript = "\"${PODS_ROOT}/Target Support Files/Pods-Navigation/Pods-Navigation-frameworks.sh\"\n";
			showEnvVarsInLog = 0;
		};
		4525D3F0E12C6A1865CEA417 /* [CP] Check Pods Manifest.lock */ = {
			isa = PBXShellScriptBuildPhase;
			buildActionMask = 2147483647;
			files = (
			);
			inputFileListPaths = (
			);
			inputPaths = (
				"${PODS_PODFILE_DIR_PATH}/Podfile.lock",
				"${PODS_ROOT}/Manifest.lock",
			);
			name = "[CP] Check Pods Manifest.lock";
			outputFileListPaths = (
			);
			outputPaths = (
				"$(DERIVED_FILE_DIR)/Pods-Navigation-checkManifestLockResult.txt",
			);
			runOnlyForDeploymentPostprocessing = 0;
			shellPath = /bin/sh;
			shellScript = "diff \"${PODS_PODFILE_DIR_PATH}/Podfile.lock\" \"${PODS_ROOT}/Manifest.lock\" > /dev/null\nif [ $? != 0 ] ; then\n    # print error to STDERR\n    echo \"error: The sandbox is not in sync with the Podfile.lock. Run 'pod install' or update your CocoaPods installation.\" >&2\n    exit 1\nfi\n# This output is used by Xcode 'outputs' to avoid re-running this script phase.\necho \"SUCCESS\" > \"${SCRIPT_OUTPUT_FILE_0}\"\n";
			showEnvVarsInLog = 0;
		};
		ED462D46F9ED28E770245DA1 /* [CP] Check Pods Manifest.lock */ = {
			isa = PBXShellScriptBuildPhase;
			buildActionMask = 2147483647;
			files = (
			);
			inputFileListPaths = (
			);
			inputPaths = (
				"${PODS_PODFILE_DIR_PATH}/Podfile.lock",
				"${PODS_ROOT}/Manifest.lock",
			);
			name = "[CP] Check Pods Manifest.lock";
			outputFileListPaths = (
			);
			outputPaths = (
				"$(DERIVED_FILE_DIR)/Pods-StorageService-checkManifestLockResult.txt",
			);
			runOnlyForDeploymentPostprocessing = 0;
			shellPath = /bin/sh;
			shellScript = "diff \"${PODS_PODFILE_DIR_PATH}/Podfile.lock\" \"${PODS_ROOT}/Manifest.lock\" > /dev/null\nif [ $? != 0 ] ; then\n    # print error to STDERR\n    echo \"error: The sandbox is not in sync with the Podfile.lock. Run 'pod install' or update your CocoaPods installation.\" >&2\n    exit 1\nfi\n# This output is used by Xcode 'outputs' to avoid re-running this script phase.\necho \"SUCCESS\" > \"${SCRIPT_OUTPUT_FILE_0}\"\n";
			showEnvVarsInLog = 0;
		};
/* End PBXShellScriptBuildPhase section */

/* Begin PBXSourcesBuildPhase section */
		458CBBB126E0E53100915CA1 /* Sources */ = {
			isa = PBXSourcesBuildPhase;
			buildActionMask = 2147483647;
			files = (
				4517990227725C01004DCACB /* SlideMenuModel.swift in Sources */,
				45306B2127390E6600D1516B /* PostViewModel.swift in Sources */,
				45E2C687270F227200B58BC3 /* CustomTextField.swift in Sources */,
				45D503AA26F5236500387102 /* TestUser.swift in Sources */,
				45653B43275AA3100079AA67 /* ErrorAlert.swift in Sources */,
				4586111B26FA0BA300269593 /* Checker.swift in Sources */,
				45D503A426F5231400387102 /* UserServiceProtocol.swift in Sources */,
				4565D3CD27C56ACF007557A0 /* Resident.swift in Sources */,
				458CBBDE26E0F93600915CA1 /* PhotosViewController.swift in Sources */,
				45733255279966380060B2DA /* ShowVideoViewController.swift in Sources */,
				453CB20E288FE4D200110514 /* FavoritesViewController.swift in Sources */,
				4517990A27730D67004DCACB /* VideoViewController.swift in Sources */,
				457B904D27CF607F001AE209 /* CreateNewUserViewModel.swift in Sources */,
				45306B2D273913CA00D1516B /* LoginCoordinator.swift in Sources */,
				45306B1F27390E5500D1516B /* PostCoordinator.swift in Sources */,
				45E2C689270F229400B58BC3 /* CheckerText.swift in Sources */,
				4565D3C327B5A47E007557A0 /* NetworkService.swift in Sources */,
				453CB20A288FE37400110514 /* FavoritesCoordinator.swift in Sources */,
				45F30FA5273D4F580016DEC0 /* BruteForse.swift in Sources */,
				45E2C685270F224300B58BC3 /* CustomButton.swift in Sources */,
				45306B3127391C4D00D1516B /* ProfileCoordinator.swift in Sources */,
				4586112126FA0C1000269593 /* LoginFactoryProtocol.swift in Sources */,
				451798FE2771C27A004DCACB /* SlideMenuViewController.swift in Sources */,
				453CB21D288FFA0E00110514 /* StringExtensions.swift in Sources */,
				45D503AF26F5241900387102 /* ImageAlpha.swift in Sources */,
				4565D3C727B6E719007557A0 /* Ship.swift in Sources */,
				45733256279974F90060B2DA /* Videos.swift in Sources */,
				458CBBB926E0E53100915CA1 /* AppDelegate.swift in Sources */,
				45306B1D27390D9500D1516B /* FeedCoordinator.swift in Sources */,
				458CBBE226E0F96C00915CA1 /* PhotosTableViewCell.swift in Sources */,
				457B904727CF55C9001AE209 /* UserDefaultsStorage.swift in Sources */,
				458CBBD426E0F8D800915CA1 /* FeedViewController.swift in Sources */,
				453CB20C288FE4C000110514 /* FavoritesViewModel.swift in Sources */,
				45733260279992AC0060B2DA /* LocalVideoTableHeaderView.swift in Sources */,
				451798FC2771C202004DCACB /* SlideMenuContainerViewController.swift in Sources */,
				4586111D26FA0BE000269593 /* LoginVCDelegateProtocol.swift in Sources */,
				458CBBE426E0F98800915CA1 /* PhotosCollectionViewCell.swift in Sources */,
				45733251279966140060B2DA /* VideoTableHeaderView.swift in Sources */,
				45653B41275A573A0079AA67 /* AuthenticationErrors.swift in Sources */,
				45306B1527390B7200D1516B /* CoordinatorProtocol.swift in Sources */,
				458CBBE626E0F9B600915CA1 /* ProfileHeaderView.swift in Sources */,
				45306B1B27390D7900D1516B /* FeedViewModel.swift in Sources */,
				4565D3CB27C4FFB8007557A0 /* Planet.swift in Sources */,
				45306B292739119500D1516B /* UITabBarItem.swift in Sources */,
				45733253279966270060B2DA /* YoutubePlayerView.swift in Sources */,
				458CBBDA26E0F90E00915CA1 /* LogInViewController.swift in Sources */,
				45D503A626F5232D00387102 /* User.swift in Sources */,
				4586112326FA0C3200269593 /* LoginFactory.swift in Sources */,
				458CBBEC26E0FA5300915CA1 /* MainTabBarController.swift in Sources */,
				453CB21F288FFB1700110514 /* CoreDataCoordinator.swift in Sources */,
				453CB222288FFBF200110514 /* PostsCoreData.xcdatamodeld in Sources */,
				458CBBD826E0F8FF00915CA1 /* InfoViewController.swift in Sources */,
				45306B2B273911B100D1516B /* UIVC.swift in Sources */,
				4565D3C527B5A85F007557A0 /* AppConfiguration.swift in Sources */,
				45306B382739246100D1516B /* ModuleFactory.swift in Sources */,
				458CBBE026E0F95A00915CA1 /* PostTableViewCell.swift in Sources */,
				4573325927998F470060B2DA /* LocalVideoViewController.swift in Sources */,
				45306B2F27391C1100D1516B /* LoginViewModel.swift in Sources */,
				457B904927CF55F2001AE209 /* UserInfoModel.swift in Sources */,
				4583A13A2795714E0054E377 /* AudioViewModel.swift in Sources */,
				45D503AD26F523FC00387102 /* UIColor.swift in Sources */,
				4586111F26FA0BF700269593 /* LoginInspector.swift in Sources */,
				4583A13627955AD30054E377 /* MP3Player.swift in Sources */,
				453CB22428900F3D00110514 /* PostsStorageFile.swift in Sources */,
				4583A13827955CDE0054E377 /* MP3FilesReader.swift in Sources */,
				4565D3CF27C78283007557A0 /* DecoderDataStrategy.swift in Sources */,
				4517990827730D53004DCACB /* AudioViewController.swift in Sources */,
				453CB2262891CB3B00110514 /* CoreDataCoordinatorManager.swift in Sources */,
				458CBBDC26E0F92200915CA1 /* ProfileViewController.swift in Sources */,
				458CBBD626E0F8EF00915CA1 /* PostViewController.swift in Sources */,
				45D503A826F5234C00387102 /* CurrentUser.swift in Sources */,
				45306B3327391C6900D1516B /* ProfileViewModel.swift in Sources */,
				45D503A226F522E600387102 /* PhotoViewController.swift in Sources */,
				45306B362739244100D1516B /* CreateModuleProtocol.swift in Sources */,
				457B904527CF52A0001AE209 /* CreateNewUserViewController.swift in Sources */,
				457B904B27CF606B001AE209 /* CreateNewUserCoordinator.swift in Sources */,
				451799002771EAAA004DCACB /* SlideMenuTableViewCell.swift in Sources */,
				45179906277262ED004DCACB /* SlideMenuCoordinator.swift in Sources */,
				4573324F279966020060B2DA /* VideoTableViewCell.swift in Sources */,
				4573325E2799905F0060B2DA /* LocalVideoTableViewCell.swift in Sources */,
				4573325B27998FF40060B2DA /* ShowLocalVideoViewController.swift in Sources */,
			);
			runOnlyForDeploymentPostprocessing = 0;
		};
		458CBC2326E107C300915CA1 /* Sources */ = {
			isa = PBXSourcesBuildPhase;
			buildActionMask = 2147483647;
			files = (
				458CBC3426E107F900915CA1 /* PhotosStorageFile.swift in Sources */,
				458CBC8F26EF988300915CA1 /* PostsStorageFile.swift in Sources */,
			);
			runOnlyForDeploymentPostprocessing = 0;
		};
/* End PBXSourcesBuildPhase section */

/* Begin PBXTargetDependency section */
		458CBC2D26E107C300915CA1 /* PBXTargetDependency */ = {
			isa = PBXTargetDependency;
			target = 458CBC2626E107C300915CA1 /* StorageService */;
			targetProxy = 458CBC2C26E107C300915CA1 /* PBXContainerItemProxy */;
		};
/* End PBXTargetDependency section */

/* Begin PBXVariantGroup section */
		458CBBC326E0E53400915CA1 /* LaunchScreen.storyboard */ = {
			isa = PBXVariantGroup;
			children = (
				458CBBC426E0E53400915CA1 /* Base */,
			);
			name = LaunchScreen.storyboard;
			sourceTree = "<group>";
		};
/* End PBXVariantGroup section */

/* Begin XCBuildConfiguration section */
		458CBBC726E0E53400915CA1 /* Debug */ = {
			isa = XCBuildConfiguration;
			buildSettings = {
				ALWAYS_SEARCH_USER_PATHS = NO;
				CLANG_ANALYZER_NONNULL = YES;
				CLANG_ANALYZER_NUMBER_OBJECT_CONVERSION = YES_AGGRESSIVE;
				CLANG_CXX_LANGUAGE_STANDARD = "gnu++14";
				CLANG_CXX_LIBRARY = "libc++";
				CLANG_ENABLE_MODULES = YES;
				CLANG_ENABLE_OBJC_ARC = YES;
				CLANG_ENABLE_OBJC_WEAK = YES;
				CLANG_WARN_BLOCK_CAPTURE_AUTORELEASING = YES;
				CLANG_WARN_BOOL_CONVERSION = YES;
				CLANG_WARN_COMMA = YES;
				CLANG_WARN_CONSTANT_CONVERSION = YES;
				CLANG_WARN_DEPRECATED_OBJC_IMPLEMENTATIONS = YES;
				CLANG_WARN_DIRECT_OBJC_ISA_USAGE = YES_ERROR;
				CLANG_WARN_DOCUMENTATION_COMMENTS = YES;
				CLANG_WARN_EMPTY_BODY = YES;
				CLANG_WARN_ENUM_CONVERSION = YES;
				CLANG_WARN_INFINITE_RECURSION = YES;
				CLANG_WARN_INT_CONVERSION = YES;
				CLANG_WARN_NON_LITERAL_NULL_CONVERSION = YES;
				CLANG_WARN_OBJC_IMPLICIT_RETAIN_SELF = YES;
				CLANG_WARN_OBJC_LITERAL_CONVERSION = YES;
				CLANG_WARN_OBJC_ROOT_CLASS = YES_ERROR;
				CLANG_WARN_QUOTED_INCLUDE_IN_FRAMEWORK_HEADER = YES;
				CLANG_WARN_RANGE_LOOP_ANALYSIS = YES;
				CLANG_WARN_STRICT_PROTOTYPES = YES;
				CLANG_WARN_SUSPICIOUS_MOVE = YES;
				CLANG_WARN_UNGUARDED_AVAILABILITY = YES_AGGRESSIVE;
				CLANG_WARN_UNREACHABLE_CODE = YES;
				CLANG_WARN__DUPLICATE_METHOD_MATCH = YES;
				COPY_PHASE_STRIP = NO;
				DEBUG_INFORMATION_FORMAT = dwarf;
				ENABLE_STRICT_OBJC_MSGSEND = YES;
				ENABLE_TESTABILITY = YES;
				GCC_C_LANGUAGE_STANDARD = gnu11;
				GCC_DYNAMIC_NO_PIC = NO;
				GCC_NO_COMMON_BLOCKS = YES;
				GCC_OPTIMIZATION_LEVEL = 0;
				GCC_PREPROCESSOR_DEFINITIONS = (
					"DEBUG=1",
					"$(inherited)",
				);
				GCC_WARN_64_TO_32_BIT_CONVERSION = YES;
				GCC_WARN_ABOUT_RETURN_TYPE = YES_ERROR;
				GCC_WARN_UNDECLARED_SELECTOR = YES;
				GCC_WARN_UNINITIALIZED_AUTOS = YES_AGGRESSIVE;
				GCC_WARN_UNUSED_FUNCTION = YES;
				GCC_WARN_UNUSED_VARIABLE = YES;
				IPHONEOS_DEPLOYMENT_TARGET = 15.2;
				MTL_ENABLE_DEBUG_INFO = INCLUDE_SOURCE;
				MTL_FAST_MATH = YES;
				ONLY_ACTIVE_ARCH = YES;
				SDKROOT = iphoneos;
				SWIFT_ACTIVE_COMPILATION_CONDITIONS = DEBUG;
				SWIFT_OPTIMIZATION_LEVEL = "-Onone";
			};
			name = Debug;
		};
		458CBBC826E0E53400915CA1 /* Release */ = {
			isa = XCBuildConfiguration;
			buildSettings = {
				ALWAYS_SEARCH_USER_PATHS = NO;
				CLANG_ANALYZER_NONNULL = YES;
				CLANG_ANALYZER_NUMBER_OBJECT_CONVERSION = YES_AGGRESSIVE;
				CLANG_CXX_LANGUAGE_STANDARD = "gnu++14";
				CLANG_CXX_LIBRARY = "libc++";
				CLANG_ENABLE_MODULES = YES;
				CLANG_ENABLE_OBJC_ARC = YES;
				CLANG_ENABLE_OBJC_WEAK = YES;
				CLANG_WARN_BLOCK_CAPTURE_AUTORELEASING = YES;
				CLANG_WARN_BOOL_CONVERSION = YES;
				CLANG_WARN_COMMA = YES;
				CLANG_WARN_CONSTANT_CONVERSION = YES;
				CLANG_WARN_DEPRECATED_OBJC_IMPLEMENTATIONS = YES;
				CLANG_WARN_DIRECT_OBJC_ISA_USAGE = YES_ERROR;
				CLANG_WARN_DOCUMENTATION_COMMENTS = YES;
				CLANG_WARN_EMPTY_BODY = YES;
				CLANG_WARN_ENUM_CONVERSION = YES;
				CLANG_WARN_INFINITE_RECURSION = YES;
				CLANG_WARN_INT_CONVERSION = YES;
				CLANG_WARN_NON_LITERAL_NULL_CONVERSION = YES;
				CLANG_WARN_OBJC_IMPLICIT_RETAIN_SELF = YES;
				CLANG_WARN_OBJC_LITERAL_CONVERSION = YES;
				CLANG_WARN_OBJC_ROOT_CLASS = YES_ERROR;
				CLANG_WARN_QUOTED_INCLUDE_IN_FRAMEWORK_HEADER = YES;
				CLANG_WARN_RANGE_LOOP_ANALYSIS = YES;
				CLANG_WARN_STRICT_PROTOTYPES = YES;
				CLANG_WARN_SUSPICIOUS_MOVE = YES;
				CLANG_WARN_UNGUARDED_AVAILABILITY = YES_AGGRESSIVE;
				CLANG_WARN_UNREACHABLE_CODE = YES;
				CLANG_WARN__DUPLICATE_METHOD_MATCH = YES;
				COPY_PHASE_STRIP = NO;
				DEBUG_INFORMATION_FORMAT = "dwarf-with-dsym";
				ENABLE_NS_ASSERTIONS = NO;
				ENABLE_STRICT_OBJC_MSGSEND = YES;
				GCC_C_LANGUAGE_STANDARD = gnu11;
				GCC_NO_COMMON_BLOCKS = YES;
				GCC_WARN_64_TO_32_BIT_CONVERSION = YES;
				GCC_WARN_ABOUT_RETURN_TYPE = YES_ERROR;
				GCC_WARN_UNDECLARED_SELECTOR = YES;
				GCC_WARN_UNINITIALIZED_AUTOS = YES_AGGRESSIVE;
				GCC_WARN_UNUSED_FUNCTION = YES;
				GCC_WARN_UNUSED_VARIABLE = YES;
				IPHONEOS_DEPLOYMENT_TARGET = 15.2;
				MTL_ENABLE_DEBUG_INFO = NO;
				MTL_FAST_MATH = YES;
				SDKROOT = iphoneos;
				SWIFT_COMPILATION_MODE = wholemodule;
				SWIFT_OPTIMIZATION_LEVEL = "-O";
				VALIDATE_PRODUCT = YES;
			};
			name = Release;
		};
		458CBBCA26E0E53400915CA1 /* Debug */ = {
			isa = XCBuildConfiguration;
			baseConfigurationReference = 8C04E2B836B5379A25B98A4F /* Pods-Navigation.debug.xcconfig */;
			buildSettings = {
				ALWAYS_EMBED_SWIFT_STANDARD_LIBRARIES = YES;
				ASSETCATALOG_COMPILER_APPICON_NAME = AppIcon;
				ASSETCATALOG_COMPILER_GLOBAL_ACCENT_COLOR_NAME = AccentColor;
				CODE_SIGN_STYLE = Automatic;
				INFOPLIST_FILE = Navigation/Resources/Info.plist;
				LD_RUNPATH_SEARCH_PATHS = (
					"$(inherited)",
					"@executable_path/Frameworks",
				);
				PRODUCT_BUNDLE_IDENTIFIER = Amarunseka.Navigation;
				PRODUCT_NAME = "$(TARGET_NAME)";
				SWIFT_VERSION = 5.0;
				TARGETED_DEVICE_FAMILY = "1,2";
			};
			name = Debug;
		};
		458CBBCB26E0E53400915CA1 /* Release */ = {
			isa = XCBuildConfiguration;
			baseConfigurationReference = 23BFA7C0F62E273954E08492 /* Pods-Navigation.release.xcconfig */;
			buildSettings = {
				ALWAYS_EMBED_SWIFT_STANDARD_LIBRARIES = YES;
				ASSETCATALOG_COMPILER_APPICON_NAME = AppIcon;
				ASSETCATALOG_COMPILER_GLOBAL_ACCENT_COLOR_NAME = AccentColor;
				CODE_SIGN_STYLE = Automatic;
				INFOPLIST_FILE = Navigation/Resources/Info.plist;
				LD_RUNPATH_SEARCH_PATHS = (
					"$(inherited)",
					"@executable_path/Frameworks",
				);
				PRODUCT_BUNDLE_IDENTIFIER = Amarunseka.Navigation;
				PRODUCT_NAME = "$(TARGET_NAME)";
				SWIFT_VERSION = 5.0;
				TARGETED_DEVICE_FAMILY = "1,2";
			};
			name = Release;
		};
		458CBC3026E107C300915CA1 /* Debug */ = {
			isa = XCBuildConfiguration;
			baseConfigurationReference = 37985909E3167867533EF7C9 /* Pods-StorageService.debug.xcconfig */;
			buildSettings = {
				CODE_SIGN_STYLE = Automatic;
				CURRENT_PROJECT_VERSION = 1;
				DEFINES_MODULE = YES;
				DYLIB_COMPATIBILITY_VERSION = 1;
				DYLIB_CURRENT_VERSION = 1;
				DYLIB_INSTALL_NAME_BASE = "@rpath";
				INFOPLIST_FILE = StorageService/Info.plist;
				INSTALL_PATH = "$(LOCAL_LIBRARY_DIR)/Frameworks";
				LD_RUNPATH_SEARCH_PATHS = (
					"$(inherited)",
					"@executable_path/Frameworks",
					"@loader_path/Frameworks",
				);
				PRODUCT_BUNDLE_IDENTIFIER = Amarunseka.StorageService;
				PRODUCT_NAME = "$(TARGET_NAME:c99extidentifier)";
				SKIP_INSTALL = YES;
				SWIFT_VERSION = 5.0;
				TARGETED_DEVICE_FAMILY = "1,2";
				VERSIONING_SYSTEM = "apple-generic";
				VERSION_INFO_PREFIX = "";
			};
			name = Debug;
		};
		458CBC3126E107C300915CA1 /* Release */ = {
			isa = XCBuildConfiguration;
			baseConfigurationReference = E92FC96268B7DCD40078E97D /* Pods-StorageService.release.xcconfig */;
			buildSettings = {
				CODE_SIGN_STYLE = Automatic;
				CURRENT_PROJECT_VERSION = 1;
				DEFINES_MODULE = YES;
				DYLIB_COMPATIBILITY_VERSION = 1;
				DYLIB_CURRENT_VERSION = 1;
				DYLIB_INSTALL_NAME_BASE = "@rpath";
				INFOPLIST_FILE = StorageService/Info.plist;
				INSTALL_PATH = "$(LOCAL_LIBRARY_DIR)/Frameworks";
				LD_RUNPATH_SEARCH_PATHS = (
					"$(inherited)",
					"@executable_path/Frameworks",
					"@loader_path/Frameworks",
				);
				PRODUCT_BUNDLE_IDENTIFIER = Amarunseka.StorageService;
				PRODUCT_NAME = "$(TARGET_NAME:c99extidentifier)";
				SKIP_INSTALL = YES;
				SWIFT_VERSION = 5.0;
				TARGETED_DEVICE_FAMILY = "1,2";
				VERSIONING_SYSTEM = "apple-generic";
				VERSION_INFO_PREFIX = "";
			};
			name = Release;
		};
/* End XCBuildConfiguration section */

/* Begin XCConfigurationList section */
		458CBBB026E0E53100915CA1 /* Build configuration list for PBXProject "Navigation" */ = {
			isa = XCConfigurationList;
			buildConfigurations = (
				458CBBC726E0E53400915CA1 /* Debug */,
				458CBBC826E0E53400915CA1 /* Release */,
			);
			defaultConfigurationIsVisible = 0;
			defaultConfigurationName = Release;
		};
		458CBBC926E0E53400915CA1 /* Build configuration list for PBXNativeTarget "Navigation" */ = {
			isa = XCConfigurationList;
			buildConfigurations = (
				458CBBCA26E0E53400915CA1 /* Debug */,
				458CBBCB26E0E53400915CA1 /* Release */,
			);
			defaultConfigurationIsVisible = 0;
			defaultConfigurationName = Release;
		};
		458CBC3226E107C300915CA1 /* Build configuration list for PBXNativeTarget "StorageService" */ = {
			isa = XCConfigurationList;
			buildConfigurations = (
				458CBC3026E107C300915CA1 /* Debug */,
				458CBC3126E107C300915CA1 /* Release */,
			);
			defaultConfigurationIsVisible = 0;
			defaultConfigurationName = Release;
		};
/* End XCConfigurationList section */

/* Begin XCRemoteSwiftPackageReference section */
		458CBC8B26EF877700915CA1 /* XCRemoteSwiftPackageReference "iOSIntPackage" */ = {
			isa = XCRemoteSwiftPackageReference;
			repositoryURL = "https://github.com/TrueMax/iOSIntPackage.git";
			requirement = {
				kind = upToNextMajorVersion;
				minimumVersion = 3.2.3;
			};
		};
/* End XCRemoteSwiftPackageReference section */

/* Begin XCSwiftPackageProductDependency section */
		458CBC8C26EF877700915CA1 /* iOSIntPackage */ = {
			isa = XCSwiftPackageProductDependency;
			package = 458CBC8B26EF877700915CA1 /* XCRemoteSwiftPackageReference "iOSIntPackage" */;
			productName = iOSIntPackage;
		};
/* End XCSwiftPackageProductDependency section */

/* Begin XCVersionGroup section */
		453CB220288FFBF200110514 /* PostsCoreData.xcdatamodeld */ = {
			isa = XCVersionGroup;
			children = (
				453CB221288FFBF200110514 /* PostsCoreData.xcdatamodel */,
			);
			currentVersion = 453CB221288FFBF200110514 /* PostsCoreData.xcdatamodel */;
			path = PostsCoreData.xcdatamodeld;
			sourceTree = "<group>";
			versionGroupType = wrapper.xcdatamodel;
		};
/* End XCVersionGroup section */
	};
	rootObject = 458CBBAD26E0E53100915CA1 /* Project object */;
}
